
Microsoft Visual Studio Solution File, Format Version 12.00
# Visual Studio Version 16
VisualStudioVersion = 16.0.31205.134
MinimumVisualStudioVersion = 10.0.40219.1
Project("{9A19103F-16F7-4668-BE54-9A1E7A4F7556}") = "Acronym", "acronym\Acronym.csproj", "{63232C81-853F-4E1E-A96D-7E841831608F}"
EndProject
Project("{9A19103F-16F7-4668-BE54-9A1E7A4F7556}") = "Allergies", "allergies\Allergies.csproj", "{3C12794B-39FD-4E83-8B38-EFFCA5D4D212}"
EndProject
Project("{9A19103F-16F7-4668-BE54-9A1E7A4F7556}") = "Gigasecond", "gigasecond\Gigasecond.csproj", "{B4A25682-6DC7-415D-A6D4-BB6D644F07C2}"
EndProject
Project("{9A19103F-16F7-4668-BE54-9A1E7A4F7556}") = "Hamming", "hamming\Hamming.csproj", "{B9B0AE07-5B8E-458F-9FB3-E1233288D58E}"
EndProject
Project("{9A19103F-16F7-4668-BE54-9A1E7A4F7556}") = "HelloWorld", "hello-world\HelloWorld.csproj", "{77C81237-9058-4E6E-ADC9-5511414D620E}"
EndProject
Project("{9A19103F-16F7-4668-BE54-9A1E7A4F7556}") = "HighScores", "high-scores\HighScores.csproj", "{346C0001-227D-4123-993E-3663F02E01E3}"
EndProject
Project("{9A19103F-16F7-4668-BE54-9A1E7A4F7556}") = "Isogram", "isogram\Isogram.csproj", "{12A14BE4-22B6-45A7-8312-3B0FDF0DBFDF}"
EndProject
Project("{9A19103F-16F7-4668-BE54-9A1E7A4F7556}") = "Leap", "leap\Leap.csproj", "{C1DEE410-8F42-4EE4-A306-BCEA6BBB8FCD}"
EndProject
Project("{9A19103F-16F7-4668-BE54-9A1E7A4F7556}") = "NucleotideCount", "nucleotide-count\NucleotideCount.csproj", "{55DD1BCC-9344-4A5E-A270-0A75C4A0BDBE}"
EndProject
Project("{9A19103F-16F7-4668-BE54-9A1E7A4F7556}") = "Pangram", "pangram\Pangram.csproj", "{1F3C8460-1601-47E1-90A8-186CCCB6A22A}"
EndProject
Project("{9A19103F-16F7-4668-BE54-9A1E7A4F7556}") = "ResistorColor", "resistor-color\ResistorColor.csproj", "{4165D071-B543-4A3B-A088-E7403AB330EF}"
EndProject
Project("{9A19103F-16F7-4668-BE54-9A1E7A4F7556}") = "RobotName", "robot-name\RobotName.csproj", "{7516F225-CA07-4A1D-B6AC-7012F5FE82CD}"
EndProject
Project("{9A19103F-16F7-4668-BE54-9A1E7A4F7556}") = "SpaceAge", "space-age\SpaceAge.csproj", "{7205BAC2-998F-4AA1-989D-49E8492DEE78}"
EndProject
Project("{9A19103F-16F7-4668-BE54-9A1E7A4F7556}") = "TwoFer", "two-fer\TwoFer.csproj", "{22152781-6370-4122-A5C6-769C0A8EE106}"
EndProject
Project("{9A19103F-16F7-4668-BE54-9A1E7A4F7556}") = "GradeSchool", "grade-school\GradeSchool.csproj", "{968A73D3-B14F-4B44-A898-4F015D3A9232}"
EndProject
Project("{9A19103F-16F7-4668-BE54-9A1E7A4F7556}") = "LuciansLusciousLasagna", "lucians-luscious-lasagna\LuciansLusciousLasagna.csproj", "{126277EC-958A-44C7-85F3-884BA101B2A4}"
EndProject
Project("{9A19103F-16F7-4668-BE54-9A1E7A4F7556}") = "AnnalynsInfiltration", "annalyns-infiltration\AnnalynsInfiltration.csproj", "{4D9790B4-68F0-439C-858F-D4BD484EBD2F}"
EndProject
Project("{9A19103F-16F7-4668-BE54-9A1E7A4F7556}") = "LogLevels", "log-levels\LogLevels.csproj", "{790DC9ED-2146-4A08-B99F-54BEF1E61DC6}"
EndProject
Project("{9A19103F-16F7-4668-BE54-9A1E7A4F7556}") = "CarsAssemble", "cars-assemble\CarsAssemble.csproj", "{98A74B96-3F91-4C2D-A543-D8E41E39C928}"
EndProject
Project("{9A19103F-16F7-4668-BE54-9A1E7A4F7556}") = "Bob", "bob\Bob.csproj", "{65181F66-2B3A-4308-8D42-5208C10FD0AB}"
EndProject
Project("{9A19103F-16F7-4668-BE54-9A1E7A4F7556}") = "DifferenceOfSquares", "difference-of-squares\DifferenceOfSquares.csproj", "{33219DBA-9FE7-4070-A642-A1722DCAC10E}"
EndProject
Project("{9A19103F-16F7-4668-BE54-9A1E7A4F7556}") = "PhoneNumberAnalysis", "phone-number-analysis\PhoneNumberAnalysis.csproj", "{8393C820-B0EE-4688-986F-CB36AAA734AC}"
EndProject
Project("{9A19103F-16F7-4668-BE54-9A1E7A4F7556}") = "TimFromMarketing", "tim-from-marketing\TimFromMarketing.csproj", "{11170AF5-7DD6-4AF2-B90B-767FC0EFE1C7}"
EndProject
Project("{9A19103F-16F7-4668-BE54-9A1E7A4F7556}") = "InterestIsInteresting", "interest-is-interesting\InterestIsInteresting.csproj", "{09A7E27B-FE3F-463C-A9FE-4D6D8EA19134}"
EndProject
Project("{9A19103F-16F7-4668-BE54-9A1E7A4F7556}") = "Darts", "darts\Darts.csproj", "{34D3F822-56A7-4D3D-8EAC-D41EF5AE8C8F}"
EndProject
Project("{9A19103F-16F7-4668-BE54-9A1E7A4F7556}") = "LogAnalysis", "log-analysis\LogAnalysis.csproj", "{DF01F7B2-3568-4299-8677-E7525E6927F8}"
EndProject
Project("{9A19103F-16F7-4668-BE54-9A1E7A4F7556}") = "Triangle", "triangle\Triangle.csproj", "{71A2ACE1-87A3-49CD-BBE0-6B419355B212}"
EndProject
Project("{9A19103F-16F7-4668-BE54-9A1E7A4F7556}") = "RomanNumerals", "roman-numerals\RomanNumerals.csproj", "{F70E4B7D-54BE-46BC-A15B-F2735CB3F983}"
EndProject
Project("{9A19103F-16F7-4668-BE54-9A1E7A4F7556}") = "RollTheDie", "roll-the-die\RollTheDie.csproj", "{D1AC9D61-F0B3-412F-BE4D-1FF3A49653BF}"
EndProject
Project("{9A19103F-16F7-4668-BE54-9A1E7A4F7556}") = "ElonsToys", "elons-toys\ElonsToys.csproj", "{6BA8BF2C-29CA-4BBE-A5EC-EB03D6C73E52}"
EndProject
Project("{9A19103F-16F7-4668-BE54-9A1E7A4F7556}") = "NeedForSpeed", "need-for-speed\NeedForSpeed.csproj", "{2196A509-6F66-4BAB-A83B-E82BAEF36D81}"
EndProject
Project("{9A19103F-16F7-4668-BE54-9A1E7A4F7556}") = "RailFenceCipher", "rail-fence-cipher\RailFenceCipher.csproj", "{DE9427BB-4078-4D4A-8B86-C987FDC26AC0}"
EndProject
Project("{9A19103F-16F7-4668-BE54-9A1E7A4F7556}") = "BirdWatcher", "bird-watcher\BirdWatcher.csproj", "{176A2331-4868-4C00-A53E-94F7A9BD3511}"
EndProject
Global
	GlobalSection(SolutionConfigurationPlatforms) = preSolution
		Debug|Any CPU = Debug|Any CPU
		Release|Any CPU = Release|Any CPU
	EndGlobalSection
	GlobalSection(ProjectConfigurationPlatforms) = postSolution
		{63232C81-853F-4E1E-A96D-7E841831608F}.Debug|Any CPU.ActiveCfg = Debug|Any CPU
		{63232C81-853F-4E1E-A96D-7E841831608F}.Debug|Any CPU.Build.0 = Debug|Any CPU
		{63232C81-853F-4E1E-A96D-7E841831608F}.Release|Any CPU.ActiveCfg = Release|Any CPU
		{63232C81-853F-4E1E-A96D-7E841831608F}.Release|Any CPU.Build.0 = Release|Any CPU
		{3C12794B-39FD-4E83-8B38-EFFCA5D4D212}.Debug|Any CPU.ActiveCfg = Debug|Any CPU
		{3C12794B-39FD-4E83-8B38-EFFCA5D4D212}.Debug|Any CPU.Build.0 = Debug|Any CPU
		{3C12794B-39FD-4E83-8B38-EFFCA5D4D212}.Release|Any CPU.ActiveCfg = Release|Any CPU
		{3C12794B-39FD-4E83-8B38-EFFCA5D4D212}.Release|Any CPU.Build.0 = Release|Any CPU
		{B4A25682-6DC7-415D-A6D4-BB6D644F07C2}.Debug|Any CPU.ActiveCfg = Debug|Any CPU
		{B4A25682-6DC7-415D-A6D4-BB6D644F07C2}.Debug|Any CPU.Build.0 = Debug|Any CPU
		{B4A25682-6DC7-415D-A6D4-BB6D644F07C2}.Release|Any CPU.ActiveCfg = Release|Any CPU
		{B4A25682-6DC7-415D-A6D4-BB6D644F07C2}.Release|Any CPU.Build.0 = Release|Any CPU
		{B9B0AE07-5B8E-458F-9FB3-E1233288D58E}.Debug|Any CPU.ActiveCfg = Debug|Any CPU
		{B9B0AE07-5B8E-458F-9FB3-E1233288D58E}.Debug|Any CPU.Build.0 = Debug|Any CPU
		{B9B0AE07-5B8E-458F-9FB3-E1233288D58E}.Release|Any CPU.ActiveCfg = Release|Any CPU
		{B9B0AE07-5B8E-458F-9FB3-E1233288D58E}.Release|Any CPU.Build.0 = Release|Any CPU
		{77C81237-9058-4E6E-ADC9-5511414D620E}.Debug|Any CPU.ActiveCfg = Debug|Any CPU
		{77C81237-9058-4E6E-ADC9-5511414D620E}.Debug|Any CPU.Build.0 = Debug|Any CPU
		{77C81237-9058-4E6E-ADC9-5511414D620E}.Release|Any CPU.ActiveCfg = Release|Any CPU
		{77C81237-9058-4E6E-ADC9-5511414D620E}.Release|Any CPU.Build.0 = Release|Any CPU
		{346C0001-227D-4123-993E-3663F02E01E3}.Debug|Any CPU.ActiveCfg = Debug|Any CPU
		{346C0001-227D-4123-993E-3663F02E01E3}.Debug|Any CPU.Build.0 = Debug|Any CPU
		{346C0001-227D-4123-993E-3663F02E01E3}.Release|Any CPU.ActiveCfg = Release|Any CPU
		{346C0001-227D-4123-993E-3663F02E01E3}.Release|Any CPU.Build.0 = Release|Any CPU
		{12A14BE4-22B6-45A7-8312-3B0FDF0DBFDF}.Debug|Any CPU.ActiveCfg = Debug|Any CPU
		{12A14BE4-22B6-45A7-8312-3B0FDF0DBFDF}.Debug|Any CPU.Build.0 = Debug|Any CPU
		{12A14BE4-22B6-45A7-8312-3B0FDF0DBFDF}.Release|Any CPU.ActiveCfg = Release|Any CPU
		{12A14BE4-22B6-45A7-8312-3B0FDF0DBFDF}.Release|Any CPU.Build.0 = Release|Any CPU
		{C1DEE410-8F42-4EE4-A306-BCEA6BBB8FCD}.Debug|Any CPU.ActiveCfg = Debug|Any CPU
		{C1DEE410-8F42-4EE4-A306-BCEA6BBB8FCD}.Debug|Any CPU.Build.0 = Debug|Any CPU
		{C1DEE410-8F42-4EE4-A306-BCEA6BBB8FCD}.Release|Any CPU.ActiveCfg = Release|Any CPU
		{C1DEE410-8F42-4EE4-A306-BCEA6BBB8FCD}.Release|Any CPU.Build.0 = Release|Any CPU
		{55DD1BCC-9344-4A5E-A270-0A75C4A0BDBE}.Debug|Any CPU.ActiveCfg = Debug|Any CPU
		{55DD1BCC-9344-4A5E-A270-0A75C4A0BDBE}.Debug|Any CPU.Build.0 = Debug|Any CPU
		{55DD1BCC-9344-4A5E-A270-0A75C4A0BDBE}.Release|Any CPU.ActiveCfg = Release|Any CPU
		{55DD1BCC-9344-4A5E-A270-0A75C4A0BDBE}.Release|Any CPU.Build.0 = Release|Any CPU
		{1F3C8460-1601-47E1-90A8-186CCCB6A22A}.Debug|Any CPU.ActiveCfg = Debug|Any CPU
		{1F3C8460-1601-47E1-90A8-186CCCB6A22A}.Debug|Any CPU.Build.0 = Debug|Any CPU
		{1F3C8460-1601-47E1-90A8-186CCCB6A22A}.Release|Any CPU.ActiveCfg = Release|Any CPU
		{1F3C8460-1601-47E1-90A8-186CCCB6A22A}.Release|Any CPU.Build.0 = Release|Any CPU
		{4165D071-B543-4A3B-A088-E7403AB330EF}.Debug|Any CPU.ActiveCfg = Debug|Any CPU
		{4165D071-B543-4A3B-A088-E7403AB330EF}.Debug|Any CPU.Build.0 = Debug|Any CPU
		{4165D071-B543-4A3B-A088-E7403AB330EF}.Release|Any CPU.ActiveCfg = Release|Any CPU
		{4165D071-B543-4A3B-A088-E7403AB330EF}.Release|Any CPU.Build.0 = Release|Any CPU
		{7516F225-CA07-4A1D-B6AC-7012F5FE82CD}.Debug|Any CPU.ActiveCfg = Debug|Any CPU
		{7516F225-CA07-4A1D-B6AC-7012F5FE82CD}.Debug|Any CPU.Build.0 = Debug|Any CPU
		{7516F225-CA07-4A1D-B6AC-7012F5FE82CD}.Release|Any CPU.ActiveCfg = Release|Any CPU
		{7516F225-CA07-4A1D-B6AC-7012F5FE82CD}.Release|Any CPU.Build.0 = Release|Any CPU
		{7205BAC2-998F-4AA1-989D-49E8492DEE78}.Debug|Any CPU.ActiveCfg = Debug|Any CPU
		{7205BAC2-998F-4AA1-989D-49E8492DEE78}.Debug|Any CPU.Build.0 = Debug|Any CPU
		{7205BAC2-998F-4AA1-989D-49E8492DEE78}.Release|Any CPU.ActiveCfg = Release|Any CPU
		{7205BAC2-998F-4AA1-989D-49E8492DEE78}.Release|Any CPU.Build.0 = Release|Any CPU
		{22152781-6370-4122-A5C6-769C0A8EE106}.Debug|Any CPU.ActiveCfg = Debug|Any CPU
		{22152781-6370-4122-A5C6-769C0A8EE106}.Debug|Any CPU.Build.0 = Debug|Any CPU
		{22152781-6370-4122-A5C6-769C0A8EE106}.Release|Any CPU.ActiveCfg = Release|Any CPU
		{22152781-6370-4122-A5C6-769C0A8EE106}.Release|Any CPU.Build.0 = Release|Any CPU
		{968A73D3-B14F-4B44-A898-4F015D3A9232}.Debug|Any CPU.ActiveCfg = Debug|Any CPU
		{968A73D3-B14F-4B44-A898-4F015D3A9232}.Debug|Any CPU.Build.0 = Debug|Any CPU
		{968A73D3-B14F-4B44-A898-4F015D3A9232}.Release|Any CPU.ActiveCfg = Release|Any CPU
		{968A73D3-B14F-4B44-A898-4F015D3A9232}.Release|Any CPU.Build.0 = Release|Any CPU
		{126277EC-958A-44C7-85F3-884BA101B2A4}.Debug|Any CPU.ActiveCfg = Debug|Any CPU
		{126277EC-958A-44C7-85F3-884BA101B2A4}.Debug|Any CPU.Build.0 = Debug|Any CPU
		{126277EC-958A-44C7-85F3-884BA101B2A4}.Release|Any CPU.ActiveCfg = Release|Any CPU
		{126277EC-958A-44C7-85F3-884BA101B2A4}.Release|Any CPU.Build.0 = Release|Any CPU
		{4D9790B4-68F0-439C-858F-D4BD484EBD2F}.Debug|Any CPU.ActiveCfg = Debug|Any CPU
		{4D9790B4-68F0-439C-858F-D4BD484EBD2F}.Debug|Any CPU.Build.0 = Debug|Any CPU
		{4D9790B4-68F0-439C-858F-D4BD484EBD2F}.Release|Any CPU.ActiveCfg = Release|Any CPU
		{4D9790B4-68F0-439C-858F-D4BD484EBD2F}.Release|Any CPU.Build.0 = Release|Any CPU
		{790DC9ED-2146-4A08-B99F-54BEF1E61DC6}.Debug|Any CPU.ActiveCfg = Debug|Any CPU
		{790DC9ED-2146-4A08-B99F-54BEF1E61DC6}.Debug|Any CPU.Build.0 = Debug|Any CPU
		{790DC9ED-2146-4A08-B99F-54BEF1E61DC6}.Release|Any CPU.ActiveCfg = Release|Any CPU
		{790DC9ED-2146-4A08-B99F-54BEF1E61DC6}.Release|Any CPU.Build.0 = Release|Any CPU
		{98A74B96-3F91-4C2D-A543-D8E41E39C928}.Debug|Any CPU.ActiveCfg = Debug|Any CPU
		{98A74B96-3F91-4C2D-A543-D8E41E39C928}.Debug|Any CPU.Build.0 = Debug|Any CPU
		{98A74B96-3F91-4C2D-A543-D8E41E39C928}.Release|Any CPU.ActiveCfg = Release|Any CPU
		{98A74B96-3F91-4C2D-A543-D8E41E39C928}.Release|Any CPU.Build.0 = Release|Any CPU
		{65181F66-2B3A-4308-8D42-5208C10FD0AB}.Debug|Any CPU.ActiveCfg = Debug|Any CPU
		{65181F66-2B3A-4308-8D42-5208C10FD0AB}.Debug|Any CPU.Build.0 = Debug|Any CPU
		{65181F66-2B3A-4308-8D42-5208C10FD0AB}.Release|Any CPU.ActiveCfg = Release|Any CPU
		{65181F66-2B3A-4308-8D42-5208C10FD0AB}.Release|Any CPU.Build.0 = Release|Any CPU
		{33219DBA-9FE7-4070-A642-A1722DCAC10E}.Debug|Any CPU.ActiveCfg = Debug|Any CPU
		{33219DBA-9FE7-4070-A642-A1722DCAC10E}.Debug|Any CPU.Build.0 = Debug|Any CPU
		{33219DBA-9FE7-4070-A642-A1722DCAC10E}.Release|Any CPU.ActiveCfg = Release|Any CPU
		{33219DBA-9FE7-4070-A642-A1722DCAC10E}.Release|Any CPU.Build.0 = Release|Any CPU
		{8393C820-B0EE-4688-986F-CB36AAA734AC}.Debug|Any CPU.ActiveCfg = Debug|Any CPU
		{8393C820-B0EE-4688-986F-CB36AAA734AC}.Debug|Any CPU.Build.0 = Debug|Any CPU
		{8393C820-B0EE-4688-986F-CB36AAA734AC}.Release|Any CPU.ActiveCfg = Release|Any CPU
		{8393C820-B0EE-4688-986F-CB36AAA734AC}.Release|Any CPU.Build.0 = Release|Any CPU
		{11170AF5-7DD6-4AF2-B90B-767FC0EFE1C7}.Debug|Any CPU.ActiveCfg = Debug|Any CPU
		{11170AF5-7DD6-4AF2-B90B-767FC0EFE1C7}.Debug|Any CPU.Build.0 = Debug|Any CPU
		{11170AF5-7DD6-4AF2-B90B-767FC0EFE1C7}.Release|Any CPU.ActiveCfg = Release|Any CPU
		{11170AF5-7DD6-4AF2-B90B-767FC0EFE1C7}.Release|Any CPU.Build.0 = Release|Any CPU
		{09A7E27B-FE3F-463C-A9FE-4D6D8EA19134}.Debug|Any CPU.ActiveCfg = Debug|Any CPU
		{09A7E27B-FE3F-463C-A9FE-4D6D8EA19134}.Debug|Any CPU.Build.0 = Debug|Any CPU
		{09A7E27B-FE3F-463C-A9FE-4D6D8EA19134}.Release|Any CPU.ActiveCfg = Release|Any CPU
		{09A7E27B-FE3F-463C-A9FE-4D6D8EA19134}.Release|Any CPU.Build.0 = Release|Any CPU
		{34D3F822-56A7-4D3D-8EAC-D41EF5AE8C8F}.Debug|Any CPU.ActiveCfg = Debug|Any CPU
		{34D3F822-56A7-4D3D-8EAC-D41EF5AE8C8F}.Debug|Any CPU.Build.0 = Debug|Any CPU
		{34D3F822-56A7-4D3D-8EAC-D41EF5AE8C8F}.Release|Any CPU.ActiveCfg = Release|Any CPU
		{34D3F822-56A7-4D3D-8EAC-D41EF5AE8C8F}.Release|Any CPU.Build.0 = Release|Any CPU
		{DF01F7B2-3568-4299-8677-E7525E6927F8}.Debug|Any CPU.ActiveCfg = Debug|Any CPU
		{DF01F7B2-3568-4299-8677-E7525E6927F8}.Debug|Any CPU.Build.0 = Debug|Any CPU
		{DF01F7B2-3568-4299-8677-E7525E6927F8}.Release|Any CPU.ActiveCfg = Release|Any CPU
		{DF01F7B2-3568-4299-8677-E7525E6927F8}.Release|Any CPU.Build.0 = Release|Any CPU
		{71A2ACE1-87A3-49CD-BBE0-6B419355B212}.Debug|Any CPU.ActiveCfg = Debug|Any CPU
		{71A2ACE1-87A3-49CD-BBE0-6B419355B212}.Debug|Any CPU.Build.0 = Debug|Any CPU
		{71A2ACE1-87A3-49CD-BBE0-6B419355B212}.Release|Any CPU.ActiveCfg = Release|Any CPU
		{71A2ACE1-87A3-49CD-BBE0-6B419355B212}.Release|Any CPU.Build.0 = Release|Any CPU
		{F70E4B7D-54BE-46BC-A15B-F2735CB3F983}.Debug|Any CPU.ActiveCfg = Debug|Any CPU
		{F70E4B7D-54BE-46BC-A15B-F2735CB3F983}.Debug|Any CPU.Build.0 = Debug|Any CPU
		{F70E4B7D-54BE-46BC-A15B-F2735CB3F983}.Release|Any CPU.ActiveCfg = Release|Any CPU
		{F70E4B7D-54BE-46BC-A15B-F2735CB3F983}.Release|Any CPU.Build.0 = Release|Any CPU
		{D1AC9D61-F0B3-412F-BE4D-1FF3A49653BF}.Debug|Any CPU.ActiveCfg = Debug|Any CPU
		{D1AC9D61-F0B3-412F-BE4D-1FF3A49653BF}.Debug|Any CPU.Build.0 = Debug|Any CPU
		{D1AC9D61-F0B3-412F-BE4D-1FF3A49653BF}.Release|Any CPU.ActiveCfg = Release|Any CPU
		{D1AC9D61-F0B3-412F-BE4D-1FF3A49653BF}.Release|Any CPU.Build.0 = Release|Any CPU
		{6BA8BF2C-29CA-4BBE-A5EC-EB03D6C73E52}.Debug|Any CPU.ActiveCfg = Debug|Any CPU
		{6BA8BF2C-29CA-4BBE-A5EC-EB03D6C73E52}.Debug|Any CPU.Build.0 = Debug|Any CPU
		{6BA8BF2C-29CA-4BBE-A5EC-EB03D6C73E52}.Release|Any CPU.ActiveCfg = Release|Any CPU
		{6BA8BF2C-29CA-4BBE-A5EC-EB03D6C73E52}.Release|Any CPU.Build.0 = Release|Any CPU
		{2196A509-6F66-4BAB-A83B-E82BAEF36D81}.Debug|Any CPU.ActiveCfg = Debug|Any CPU
		{2196A509-6F66-4BAB-A83B-E82BAEF36D81}.Debug|Any CPU.Build.0 = Debug|Any CPU
		{2196A509-6F66-4BAB-A83B-E82BAEF36D81}.Release|Any CPU.ActiveCfg = Release|Any CPU
		{2196A509-6F66-4BAB-A83B-E82BAEF36D81}.Release|Any CPU.Build.0 = Release|Any CPU
		{DE9427BB-4078-4D4A-8B86-C987FDC26AC0}.Debug|Any CPU.ActiveCfg = Debug|Any CPU
		{DE9427BB-4078-4D4A-8B86-C987FDC26AC0}.Debug|Any CPU.Build.0 = Debug|Any CPU
		{DE9427BB-4078-4D4A-8B86-C987FDC26AC0}.Release|Any CPU.ActiveCfg = Release|Any CPU
		{DE9427BB-4078-4D4A-8B86-C987FDC26AC0}.Release|Any CPU.Build.0 = Release|Any CPU
		{176A2331-4868-4C00-A53E-94F7A9BD3511}.Debug|Any CPU.ActiveCfg = Debug|Any CPU
		{176A2331-4868-4C00-A53E-94F7A9BD3511}.Debug|Any CPU.Build.0 = Debug|Any CPU
		{176A2331-4868-4C00-A53E-94F7A9BD3511}.Release|Any CPU.ActiveCfg = Release|Any CPU
		{176A2331-4868-4C00-A53E-94F7A9BD3511}.Release|Any CPU.Build.0 = Release|Any CPU
	EndGlobalSection
	GlobalSection(SolutionProperties) = preSolution
		HideSolutionNode = FALSE
	EndGlobalSection
	GlobalSection(ExtensibilityGlobals) = postSolution
		SolutionGuid = {FA34B0F6-759D-4735-AE59-4E419E9173AE}
	EndGlobalSection
EndGlobal
